
Microsoft Visual Studio Solution File, Format Version 12.00
# Visual Studio Version 16
VisualStudioVersion = 16.0.32510.428
MinimumVisualStudioVersion = 10.0.40219.1
Project("{8BC9CEB8-8B4A-11D0-8D11-00A0C91BC942}") = "4", "4.vcxproj", "{F29B1911-C737-4F3A-AFCD-CC813D2F7983}"
EndProject
Global
	GlobalSection(SolutionConfigurationPlatforms) = preSolution
		Debug|x64 = Debug|x64
		Debug|x86 = Debug|x86
		Release|x64 = Release|x64
		Release|x86 = Release|x86
	EndGlobalSection
	GlobalSection(ProjectConfigurationPlatforms) = postSolution
		{F29B1911-C737-4F3A-AFCD-CC813D2F7983}.Debug|x64.ActiveCfg = Debug|x64
		{F29B1911-C737-4F3A-AFCD-CC813D2F7983}.Debug|x64.Build.0 = Debug|x64
		{F29B1911-C737-4F3A-AFCD-CC813D2F7983}.Debug|x86.ActiveCfg = Debug|Win32
		{F29B1911-C737-4F3A-AFCD-CC813D2F7983}.Debug|x86.Build.0 = Debug|Win32
		{F29B1911-C737-4F3A-AFCD-CC813D2F7983}.Release|x64.ActiveCfg = Release|x64
		{F29B1911-C737-4F3A-AFCD-CC813D2F7983}.Release|x64.Build.0 = Release|x64
		{F29B1911-C737-4F3A-AFCD-CC813D2F7983}.Release|x86.ActiveCfg = Release|Win32
		{F29B1911-C737-4F3A-AFCD-CC813D2F7983}.Release|x86.Build.0 = Release|Win32
	EndGlobalSection
	GlobalSection(SolutionProperties) = preSolution
		HideSolutionNode = FALSE
	EndGlobalSection
	GlobalSection(ExtensibilityGlobals) = postSolution
		SolutionGuid = {1FDE0503-868F-44A7-8E62-678C966A27F5}
	EndGlobalSection
EndGlobal
